
Microsoft Visual Studio Solution File, Format Version 12.00
# Visual Studio Version 17
VisualStudioVersion = 17.9.34728.123
MinimumVisualStudioVersion = 10.0.40219.1
Project("{9A19103F-16F7-4668-BE54-9A1E7A4F7556}") = "MyPlanner.Plannings.Api", "MyPlanner.Plannings.Api\MyPlanner.Plannings.Api.csproj", "{79E14FE6-9148-458E-8B54-3745763C21DB}"
EndProject
Project("{9A19103F-16F7-4668-BE54-9A1E7A4F7556}") = "MyPlanner.Plannings.Domain", "MyPlanner.Plannings.Domain\MyPlanner.Plannings.Domain.csproj", "{6DFE1392-BD08-4A9E-896E-139FC1BFC491}"
EndProject
Project("{9A19103F-16F7-4668-BE54-9A1E7A4F7556}") = "MyPlanner.Plannings.Infrastructure", "MyPlanner.Plannings.Infrastructure\MyPlanner.Plannings.Infrastructure.csproj", "{678DA959-554A-49DD-90F1-7BC6C3A9DC24}"
EndProject
Project("{2150E333-8FDC-42A3-9474-1A3956D46DE8}") = "1. Services", "1. Services", "{ADD914B8-609F-48B8-AAD9-9B7C7799F422}"
EndProject
Project("{2150E333-8FDC-42A3-9474-1A3956D46DE8}") = "2. BudildingBlocks", "2. BudildingBlocks", "{2A42CDBA-EF66-4A51-B20D-3BCFDDFF6393}"
EndProject
Project("{9A19103F-16F7-4668-BE54-9A1E7A4F7556}") = "MyPlanner.Plannings.Test", "MyPlanner.Plannings.Test\MyPlanner.Plannings.Test.csproj", "{E9C7DBA8-FCC2-43F2-8054-8B28D146C9BD}"
EndProject
Project("{2150E333-8FDC-42A3-9474-1A3956D46DE8}") = "Plannings", "Plannings", "{CE402285-66D6-4D39-B074-0788C03CDDED}"
EndProject
Project("{2150E333-8FDC-42A3-9474-1A3956D46DE8}") = "Catalog", "Catalog", "{865A8715-80EE-4324-892F-7247D74137D8}"
EndProject
Project("{9A19103F-16F7-4668-BE54-9A1E7A4F7556}") = "MyPlanner.Catalog.Api", "MyPlanner.Catalog.Api\MyPlanner.Catalog.Api.csproj", "{2C77E389-7067-49A5-AD99-BDB8E65B4448}"
EndProject
Project("{9A19103F-16F7-4668-BE54-9A1E7A4F7556}") = "MyPlanner.EventBus", "MyPlanner.EventBus\MyPlanner.EventBus.csproj", "{C5E9747D-DA65-44E2-954E-F53922655C6A}"
EndProject
Project("{9A19103F-16F7-4668-BE54-9A1E7A4F7556}") = "MyPlanner.EventBus.Rabbit", "MyPlanner.EventBus.Rabbit\MyPlanner.EventBus.Rabbit.csproj", "{B94028B5-F051-4E54-A86C-02E2F3565960}"
EndProject
Project("{9A19103F-16F7-4668-BE54-9A1E7A4F7556}") = "MyPlanner.IntegrationEventLogEF", "MyPlanner.IntegrationEventLogEF\MyPlanner.IntegrationEventLogEF.csproj", "{D9F9D4FF-87FB-4E42-A6E8-4F6C7A959E26}"
EndProject
Project("{9A19103F-16F7-4668-BE54-9A1E7A4F7556}") = "MyPlanner.Shared", "MyPlanner.Shared\MyPlanner.Shared.csproj", "{1AFC1480-B33C-42AE-9234-8335F1B8B1F9}"
EndProject
Project("{E53339B2-1760-4266-BCC7-CA923CBCF16C}") = "docker-compose", "docker-compose.dcproj", "{EC7324CE-FA8C-4A7A-BEFB-72963A63AB32}"
EndProject
Project("{9A19103F-16F7-4668-BE54-9A1E7A4F7556}") = "MyPlanner.Planning.Models", "..\MyPlanners.Planning.Models\MyPlanner.Planning.Models.csproj", "{B3E4B7E9-74A6-461B-8B96-2BE58F46C89F}"
EndProject
Global
	GlobalSection(SolutionConfigurationPlatforms) = preSolution
		Debug|Any CPU = Debug|Any CPU
		Release|Any CPU = Release|Any CPU
	EndGlobalSection
	GlobalSection(ProjectConfigurationPlatforms) = postSolution
		{79E14FE6-9148-458E-8B54-3745763C21DB}.Debug|Any CPU.ActiveCfg = Debug|Any CPU
		{79E14FE6-9148-458E-8B54-3745763C21DB}.Debug|Any CPU.Build.0 = Debug|Any CPU
		{79E14FE6-9148-458E-8B54-3745763C21DB}.Release|Any CPU.ActiveCfg = Release|Any CPU
		{79E14FE6-9148-458E-8B54-3745763C21DB}.Release|Any CPU.Build.0 = Release|Any CPU
		{6DFE1392-BD08-4A9E-896E-139FC1BFC491}.Debug|Any CPU.ActiveCfg = Debug|Any CPU
		{6DFE1392-BD08-4A9E-896E-139FC1BFC491}.Debug|Any CPU.Build.0 = Debug|Any CPU
		{6DFE1392-BD08-4A9E-896E-139FC1BFC491}.Release|Any CPU.ActiveCfg = Release|Any CPU
		{6DFE1392-BD08-4A9E-896E-139FC1BFC491}.Release|Any CPU.Build.0 = Release|Any CPU
		{678DA959-554A-49DD-90F1-7BC6C3A9DC24}.Debug|Any CPU.ActiveCfg = Debug|Any CPU
		{678DA959-554A-49DD-90F1-7BC6C3A9DC24}.Debug|Any CPU.Build.0 = Debug|Any CPU
		{678DA959-554A-49DD-90F1-7BC6C3A9DC24}.Release|Any CPU.ActiveCfg = Release|Any CPU
		{678DA959-554A-49DD-90F1-7BC6C3A9DC24}.Release|Any CPU.Build.0 = Release|Any CPU
		{E9C7DBA8-FCC2-43F2-8054-8B28D146C9BD}.Debug|Any CPU.ActiveCfg = Debug|Any CPU
		{E9C7DBA8-FCC2-43F2-8054-8B28D146C9BD}.Debug|Any CPU.Build.0 = Debug|Any CPU
		{E9C7DBA8-FCC2-43F2-8054-8B28D146C9BD}.Release|Any CPU.ActiveCfg = Release|Any CPU
		{E9C7DBA8-FCC2-43F2-8054-8B28D146C9BD}.Release|Any CPU.Build.0 = Release|Any CPU
		{2C77E389-7067-49A5-AD99-BDB8E65B4448}.Debug|Any CPU.ActiveCfg = Debug|Any CPU
		{2C77E389-7067-49A5-AD99-BDB8E65B4448}.Debug|Any CPU.Build.0 = Debug|Any CPU
		{2C77E389-7067-49A5-AD99-BDB8E65B4448}.Release|Any CPU.ActiveCfg = Release|Any CPU
		{2C77E389-7067-49A5-AD99-BDB8E65B4448}.Release|Any CPU.Build.0 = Release|Any CPU
		{C5E9747D-DA65-44E2-954E-F53922655C6A}.Debug|Any CPU.ActiveCfg = Debug|Any CPU
		{C5E9747D-DA65-44E2-954E-F53922655C6A}.Debug|Any CPU.Build.0 = Debug|Any CPU
		{C5E9747D-DA65-44E2-954E-F53922655C6A}.Release|Any CPU.ActiveCfg = Release|Any CPU
		{C5E9747D-DA65-44E2-954E-F53922655C6A}.Release|Any CPU.Build.0 = Release|Any CPU
		{B94028B5-F051-4E54-A86C-02E2F3565960}.Debug|Any CPU.ActiveCfg = Debug|Any CPU
		{B94028B5-F051-4E54-A86C-02E2F3565960}.Debug|Any CPU.Build.0 = Debug|Any CPU
		{B94028B5-F051-4E54-A86C-02E2F3565960}.Release|Any CPU.ActiveCfg = Release|Any CPU
		{B94028B5-F051-4E54-A86C-02E2F3565960}.Release|Any CPU.Build.0 = Release|Any CPU
		{D9F9D4FF-87FB-4E42-A6E8-4F6C7A959E26}.Debug|Any CPU.ActiveCfg = Debug|Any CPU
		{D9F9D4FF-87FB-4E42-A6E8-4F6C7A959E26}.Debug|Any CPU.Build.0 = Debug|Any CPU
		{D9F9D4FF-87FB-4E42-A6E8-4F6C7A959E26}.Release|Any CPU.ActiveCfg = Release|Any CPU
		{D9F9D4FF-87FB-4E42-A6E8-4F6C7A959E26}.Release|Any CPU.Build.0 = Release|Any CPU
		{1AFC1480-B33C-42AE-9234-8335F1B8B1F9}.Debug|Any CPU.ActiveCfg = Debug|Any CPU
		{1AFC1480-B33C-42AE-9234-8335F1B8B1F9}.Debug|Any CPU.Build.0 = Debug|Any CPU
		{1AFC1480-B33C-42AE-9234-8335F1B8B1F9}.Release|Any CPU.ActiveCfg = Release|Any CPU
		{1AFC1480-B33C-42AE-9234-8335F1B8B1F9}.Release|Any CPU.Build.0 = Release|Any CPU
		{EC7324CE-FA8C-4A7A-BEFB-72963A63AB32}.Debug|Any CPU.ActiveCfg = Debug|Any CPU
		{EC7324CE-FA8C-4A7A-BEFB-72963A63AB32}.Debug|Any CPU.Build.0 = Debug|Any CPU
		{EC7324CE-FA8C-4A7A-BEFB-72963A63AB32}.Release|Any CPU.ActiveCfg = Release|Any CPU
		{EC7324CE-FA8C-4A7A-BEFB-72963A63AB32}.Release|Any CPU.Build.0 = Release|Any CPU
		{B3E4B7E9-74A6-461B-8B96-2BE58F46C89F}.Debug|Any CPU.ActiveCfg = Debug|Any CPU
		{B3E4B7E9-74A6-461B-8B96-2BE58F46C89F}.Debug|Any CPU.Build.0 = Debug|Any CPU
		{B3E4B7E9-74A6-461B-8B96-2BE58F46C89F}.Release|Any CPU.ActiveCfg = Release|Any CPU
		{B3E4B7E9-74A6-461B-8B96-2BE58F46C89F}.Release|Any CPU.Build.0 = Release|Any CPU
	EndGlobalSection
	GlobalSection(SolutionProperties) = preSolution
		HideSolutionNode = FALSE
	EndGlobalSection
	GlobalSection(NestedProjects) = preSolution
		{79E14FE6-9148-458E-8B54-3745763C21DB} = {CE402285-66D6-4D39-B074-0788C03CDDED}
		{6DFE1392-BD08-4A9E-896E-139FC1BFC491} = {CE402285-66D6-4D39-B074-0788C03CDDED}
		{678DA959-554A-49DD-90F1-7BC6C3A9DC24} = {CE402285-66D6-4D39-B074-0788C03CDDED}
		{E9C7DBA8-FCC2-43F2-8054-8B28D146C9BD} = {CE402285-66D6-4D39-B074-0788C03CDDED}
		{CE402285-66D6-4D39-B074-0788C03CDDED} = {ADD914B8-609F-48B8-AAD9-9B7C7799F422}
		{865A8715-80EE-4324-892F-7247D74137D8} = {ADD914B8-609F-48B8-AAD9-9B7C7799F422}
		{2C77E389-7067-49A5-AD99-BDB8E65B4448} = {865A8715-80EE-4324-892F-7247D74137D8}
		{C5E9747D-DA65-44E2-954E-F53922655C6A} = {2A42CDBA-EF66-4A51-B20D-3BCFDDFF6393}
		{B94028B5-F051-4E54-A86C-02E2F3565960} = {2A42CDBA-EF66-4A51-B20D-3BCFDDFF6393}
		{D9F9D4FF-87FB-4E42-A6E8-4F6C7A959E26} = {2A42CDBA-EF66-4A51-B20D-3BCFDDFF6393}
		{1AFC1480-B33C-42AE-9234-8335F1B8B1F9} = {2A42CDBA-EF66-4A51-B20D-3BCFDDFF6393}
		{B3E4B7E9-74A6-461B-8B96-2BE58F46C89F} = {CE402285-66D6-4D39-B074-0788C03CDDED}
	EndGlobalSection
	GlobalSection(ExtensibilityGlobals) = postSolution
		SolutionGuid = {E57E4316-8705-4301-A778-2A4A479571DD}
	EndGlobalSection
EndGlobal
