
Microsoft Visual Studio Solution File, Format Version 12.00
# Visual Studio Version 17
VisualStudioVersion = 17.9.34728.123
MinimumVisualStudioVersion = 10.0.40219.1
Project("{2150E333-8FDC-42A3-9474-1A3956D46DE8}") = "1. Services", "1. Services", "{ADD914B8-609F-48B8-AAD9-9B7C7799F422}"
EndProject
Project("{2150E333-8FDC-42A3-9474-1A3956D46DE8}") = "2. BudildingBlocks", "2. BudildingBlocks", "{2A42CDBA-EF66-4A51-B20D-3BCFDDFF6393}"
EndProject
Project("{2150E333-8FDC-42A3-9474-1A3956D46DE8}") = "Plannings", "Plannings", "{CE402285-66D6-4D39-B074-0788C03CDDED}"
EndProject
Project("{2150E333-8FDC-42A3-9474-1A3956D46DE8}") = "Catalog", "Catalog", "{865A8715-80EE-4324-892F-7247D74137D8}"
EndProject
Project("{2150E333-8FDC-42A3-9474-1A3956D46DE8}") = "Projects", "Projects", "{6B7ACC5F-F212-4C32-BA13-3A88AC05AC38}"
EndProject
Project("{2150E333-8FDC-42A3-9474-1A3956D46DE8}") = "Talents", "Talents", "{E2022688-8614-4B58-AE0E-BA22E1A57AF7}"
EndProject
Project("{2150E333-8FDC-42A3-9474-1A3956D46DE8}") = "Releases", "Releases", "{BC4F4B31-8866-40D4-97EB-572E785F34CB}"
EndProject
Project("{9A19103F-16F7-4668-BE54-9A1E7A4F7556}") = "MyPlanner.Catalog.Api", "Services\Catalog\MyPlanner.Catalog.Api\MyPlanner.Catalog.Api.csproj", "{5BEAE02D-494C-4075-BF50-9D50C03CF85A}"
EndProject
Project("{9A19103F-16F7-4668-BE54-9A1E7A4F7556}") = "MyPlanner.Shared", "BuildingBlocks\MyPlanner.Shared\MyPlanner.Shared.csproj", "{32E30405-4C52-4F0B-8C3C-4A9AA29B7671}"
EndProject
Project("{9A19103F-16F7-4668-BE54-9A1E7A4F7556}") = "MyPlanner.EventBus", "BuildingBlocks\MyPlanner.EventBus\MyPlanner.EventBus.csproj", "{B82E0459-864D-474B-BB1E-A8718C9238BB}"
EndProject
Project("{9A19103F-16F7-4668-BE54-9A1E7A4F7556}") = "MyPlanner.EventBus.Rabbit", "BuildingBlocks\MyPlanner.EventBus.Rabbit\MyPlanner.EventBus.Rabbit.csproj", "{15BE236D-A13F-49AE-A727-9E273DEFF755}"
EndProject
Project("{9A19103F-16F7-4668-BE54-9A1E7A4F7556}") = "MyPlanner.IntegrationEventLogEF", "BuildingBlocks\MyPlanner.IntegrationEventLogEF\MyPlanner.IntegrationEventLogEF.csproj", "{C7ED8C7C-96A9-4D5B-86E2-67C1805081C6}"
EndProject
Project("{9A19103F-16F7-4668-BE54-9A1E7A4F7556}") = "MyPlanner.Plannings.Api", "Services\Plannings\MyPlanner.Plannings.Api\MyPlanner.Plannings.Api.csproj", "{33DB1760-A1ED-4196-835C-A16250771B09}"
EndProject
Project("{9A19103F-16F7-4668-BE54-9A1E7A4F7556}") = "MyPlanner.Plannings.Domain", "Services\Plannings\MyPlanner.Plannings.Domain\MyPlanner.Plannings.Domain.csproj", "{4485EF41-6786-4909-94EB-E088B9D0898B}"
EndProject
Project("{9A19103F-16F7-4668-BE54-9A1E7A4F7556}") = "MyPlanner.Plannings.Infrastructure", "Services\Plannings\MyPlanner.Plannings.Infrastructure\MyPlanner.Plannings.Infrastructure.csproj", "{11C9BD54-35E7-4100-B32C-FF93526DCC8B}"
EndProject
Project("{9A19103F-16F7-4668-BE54-9A1E7A4F7556}") = "MyPlanner.Plannings.Test", "Services\Plannings\MyPlanner.Plannings.Test\MyPlanner.Plannings.Test.csproj", "{0364C2FC-AF93-4B2F-B39E-2CD5301CFD52}"
EndProject
Project("{9A19103F-16F7-4668-BE54-9A1E7A4F7556}") = "MyPlanner.Planning.Models", "Services\Plannings\MyPlanners.Planning.Models\MyPlanner.Planning.Models.csproj", "{37597E3D-B647-43BE-855B-7DA213C870F3}"
EndProject
Global
	GlobalSection(SolutionConfigurationPlatforms) = preSolution
		Debug|Any CPU = Debug|Any CPU
		Release|Any CPU = Release|Any CPU
	EndGlobalSection
	GlobalSection(ProjectConfigurationPlatforms) = postSolution
		{5BEAE02D-494C-4075-BF50-9D50C03CF85A}.Debug|Any CPU.ActiveCfg = Debug|Any CPU
		{5BEAE02D-494C-4075-BF50-9D50C03CF85A}.Debug|Any CPU.Build.0 = Debug|Any CPU
		{5BEAE02D-494C-4075-BF50-9D50C03CF85A}.Release|Any CPU.ActiveCfg = Release|Any CPU
		{5BEAE02D-494C-4075-BF50-9D50C03CF85A}.Release|Any CPU.Build.0 = Release|Any CPU
		{32E30405-4C52-4F0B-8C3C-4A9AA29B7671}.Debug|Any CPU.ActiveCfg = Debug|Any CPU
		{32E30405-4C52-4F0B-8C3C-4A9AA29B7671}.Debug|Any CPU.Build.0 = Debug|Any CPU
		{32E30405-4C52-4F0B-8C3C-4A9AA29B7671}.Release|Any CPU.ActiveCfg = Release|Any CPU
		{32E30405-4C52-4F0B-8C3C-4A9AA29B7671}.Release|Any CPU.Build.0 = Release|Any CPU
		{B82E0459-864D-474B-BB1E-A8718C9238BB}.Debug|Any CPU.ActiveCfg = Debug|Any CPU
		{B82E0459-864D-474B-BB1E-A8718C9238BB}.Debug|Any CPU.Build.0 = Debug|Any CPU
		{B82E0459-864D-474B-BB1E-A8718C9238BB}.Release|Any CPU.ActiveCfg = Release|Any CPU
		{B82E0459-864D-474B-BB1E-A8718C9238BB}.Release|Any CPU.Build.0 = Release|Any CPU
		{15BE236D-A13F-49AE-A727-9E273DEFF755}.Debug|Any CPU.ActiveCfg = Debug|Any CPU
		{15BE236D-A13F-49AE-A727-9E273DEFF755}.Debug|Any CPU.Build.0 = Debug|Any CPU
		{15BE236D-A13F-49AE-A727-9E273DEFF755}.Release|Any CPU.ActiveCfg = Release|Any CPU
		{15BE236D-A13F-49AE-A727-9E273DEFF755}.Release|Any CPU.Build.0 = Release|Any CPU
		{C7ED8C7C-96A9-4D5B-86E2-67C1805081C6}.Debug|Any CPU.ActiveCfg = Debug|Any CPU
		{C7ED8C7C-96A9-4D5B-86E2-67C1805081C6}.Debug|Any CPU.Build.0 = Debug|Any CPU
		{C7ED8C7C-96A9-4D5B-86E2-67C1805081C6}.Release|Any CPU.ActiveCfg = Release|Any CPU
		{C7ED8C7C-96A9-4D5B-86E2-67C1805081C6}.Release|Any CPU.Build.0 = Release|Any CPU
		{33DB1760-A1ED-4196-835C-A16250771B09}.Debug|Any CPU.ActiveCfg = Debug|Any CPU
		{33DB1760-A1ED-4196-835C-A16250771B09}.Debug|Any CPU.Build.0 = Debug|Any CPU
		{33DB1760-A1ED-4196-835C-A16250771B09}.Release|Any CPU.ActiveCfg = Release|Any CPU
		{33DB1760-A1ED-4196-835C-A16250771B09}.Release|Any CPU.Build.0 = Release|Any CPU
		{4485EF41-6786-4909-94EB-E088B9D0898B}.Debug|Any CPU.ActiveCfg = Debug|Any CPU
		{4485EF41-6786-4909-94EB-E088B9D0898B}.Debug|Any CPU.Build.0 = Debug|Any CPU
		{4485EF41-6786-4909-94EB-E088B9D0898B}.Release|Any CPU.ActiveCfg = Release|Any CPU
		{4485EF41-6786-4909-94EB-E088B9D0898B}.Release|Any CPU.Build.0 = Release|Any CPU
		{11C9BD54-35E7-4100-B32C-FF93526DCC8B}.Debug|Any CPU.ActiveCfg = Debug|Any CPU
		{11C9BD54-35E7-4100-B32C-FF93526DCC8B}.Debug|Any CPU.Build.0 = Debug|Any CPU
		{11C9BD54-35E7-4100-B32C-FF93526DCC8B}.Release|Any CPU.ActiveCfg = Release|Any CPU
		{11C9BD54-35E7-4100-B32C-FF93526DCC8B}.Release|Any CPU.Build.0 = Release|Any CPU
		{0364C2FC-AF93-4B2F-B39E-2CD5301CFD52}.Debug|Any CPU.ActiveCfg = Debug|Any CPU
		{0364C2FC-AF93-4B2F-B39E-2CD5301CFD52}.Debug|Any CPU.Build.0 = Debug|Any CPU
		{0364C2FC-AF93-4B2F-B39E-2CD5301CFD52}.Release|Any CPU.ActiveCfg = Release|Any CPU
		{0364C2FC-AF93-4B2F-B39E-2CD5301CFD52}.Release|Any CPU.Build.0 = Release|Any CPU
		{37597E3D-B647-43BE-855B-7DA213C870F3}.Debug|Any CPU.ActiveCfg = Debug|Any CPU
		{37597E3D-B647-43BE-855B-7DA213C870F3}.Debug|Any CPU.Build.0 = Debug|Any CPU
		{37597E3D-B647-43BE-855B-7DA213C870F3}.Release|Any CPU.ActiveCfg = Release|Any CPU
		{37597E3D-B647-43BE-855B-7DA213C870F3}.Release|Any CPU.Build.0 = Release|Any CPU
	EndGlobalSection
	GlobalSection(SolutionProperties) = preSolution
		HideSolutionNode = FALSE
	EndGlobalSection
	GlobalSection(NestedProjects) = preSolution
		{CE402285-66D6-4D39-B074-0788C03CDDED} = {ADD914B8-609F-48B8-AAD9-9B7C7799F422}
		{865A8715-80EE-4324-892F-7247D74137D8} = {ADD914B8-609F-48B8-AAD9-9B7C7799F422}
		{6B7ACC5F-F212-4C32-BA13-3A88AC05AC38} = {ADD914B8-609F-48B8-AAD9-9B7C7799F422}
		{E2022688-8614-4B58-AE0E-BA22E1A57AF7} = {ADD914B8-609F-48B8-AAD9-9B7C7799F422}
		{BC4F4B31-8866-40D4-97EB-572E785F34CB} = {ADD914B8-609F-48B8-AAD9-9B7C7799F422}
		{5BEAE02D-494C-4075-BF50-9D50C03CF85A} = {865A8715-80EE-4324-892F-7247D74137D8}
		{32E30405-4C52-4F0B-8C3C-4A9AA29B7671} = {2A42CDBA-EF66-4A51-B20D-3BCFDDFF6393}
		{B82E0459-864D-474B-BB1E-A8718C9238BB} = {2A42CDBA-EF66-4A51-B20D-3BCFDDFF6393}
		{15BE236D-A13F-49AE-A727-9E273DEFF755} = {2A42CDBA-EF66-4A51-B20D-3BCFDDFF6393}
		{C7ED8C7C-96A9-4D5B-86E2-67C1805081C6} = {2A42CDBA-EF66-4A51-B20D-3BCFDDFF6393}
		{33DB1760-A1ED-4196-835C-A16250771B09} = {CE402285-66D6-4D39-B074-0788C03CDDED}
		{4485EF41-6786-4909-94EB-E088B9D0898B} = {CE402285-66D6-4D39-B074-0788C03CDDED}
		{11C9BD54-35E7-4100-B32C-FF93526DCC8B} = {CE402285-66D6-4D39-B074-0788C03CDDED}
		{0364C2FC-AF93-4B2F-B39E-2CD5301CFD52} = {CE402285-66D6-4D39-B074-0788C03CDDED}
		{37597E3D-B647-43BE-855B-7DA213C870F3} = {CE402285-66D6-4D39-B074-0788C03CDDED}
	EndGlobalSection
	GlobalSection(ExtensibilityGlobals) = postSolution
		SolutionGuid = {E57E4316-8705-4301-A778-2A4A479571DD}
	EndGlobalSection
EndGlobal
